<?xml version="1.0" encoding="utf-8"?>
<Project ToolsVersion="4.0" xmlns="http://schemas.microsoft.com/developer/msbuild/2003">
  <ItemGroup>
    <Filter Include="Source Files">
      <UniqueIdentifier>{4FC737F1-C7A5-4376-A066-2A32D752A2FF}</UniqueIdentifier>
      <Extensions>cpp;c;cc;cxx;def;odl;idl;hpj;bat;asm;asmx</Extensions>
    </Filter>
    <Filter Include="Header Files">
      <UniqueIdentifier>{93995380-89BD-4b04-88EB-625FBE52EBFB}</UniqueIdentifier>
      <Extensions>h;hh;hpp;hxx;hm;inl;inc;xsd</Extensions>
    </Filter>
    <Filter Include="Resource Files">
      <UniqueIdentifier>{67DA6AB6-F800-4c08-8B7A-83BB121AAD01}</UniqueIdentifier>
      <Extensions>rc;ico;cur;bmp;dlg;rc2;rct;bin;rgs;gif;jpg;jpeg;jpe;resx;tiff;tif;png;wav;mfcribbon-ms</Extensions>
    </Filter>
  </ItemGroup>
  <ItemGroup>
    <ClCompile Include="src\main.cpp">
      <Filter>Source Files</Filter>
    </ClCompile>
    <ClCompile Include="src\Engine.cpp">
      <Filter>Source Files</Filter>
    </ClCompile>
    <ClCompile Include="src\SceneObjects.cpp">
      <Filter>Source Files</Filter>
    </ClCompile>
    <ClCompile Include="src\Editor.cpp">
      <Filter>Source Files</Filter>
    </ClCompile>
    <ClCompile Include="src\EditorShortcuts.cpp">
      <Filter>Source Files</Filter>
    </ClCompile>
    <ClCompile Include="src\RenderEngine.cpp">
      <Filter>Source Files</Filter>
    </ClCompile>
    <ClCompile Include="src\Types.cpp">
      <Filter>Source Files</Filter>
    </ClCompile>
    <ClCompile Include="src\ChokoLait.cpp">
      <Filter>Source Files</Filter>
    </ClCompile>
    <ClCompile Include="src\AudioEngine.cpp">
      <Filter>Source Files</Filter>
    </ClCompile>
    <ClCompile Include="png\lodepng.cpp">
      <Filter>Source Files</Filter>
    </ClCompile>
    <ClCompile Include="hdr\hdr.cpp">
      <Filter>Source Files</Filter>
    </ClCompile>
    <ClCompile Include="src\Water.cpp">
      <Filter>Source Files</Filter>
    </ClCompile>
    <ClCompile Include="src\core\math.h">
      <Filter>Source Files</Filter>
    </ClCompile>
    <ClCompile Include="src\core\mvp.cpp">
      <Filter>Source Files</Filter>
    </ClCompile>
    <ClCompile Include="src\utils\net.cpp">
      <Filter>Source Files</Filter>
    </ClCompile>
    <ClCompile Include="src\utils\xml.cpp">
      <Filter>Source Files</Filter>
    </ClCompile>
    <ClCompile Include="src\asset\shader.cpp">
      <Filter>Source Files</Filter>
    </ClCompile>
    <ClCompile Include="src\asset\img\texture3d.cpp">
      <Filter>Source Files</Filter>
    </ClCompile>
    <ClCompile Include="src\asset\img\videotexture.cpp">
      <Filter>Source Files</Filter>
    </ClCompile>
    <ClCompile Include="src\asset\animation.cpp">
      <Filter>Source Files</Filter>
    </ClCompile>
    <ClCompile Include="src\asset\img\background.cpp">
      <Filter>Source Files</Filter>
    </ClCompile>
    <ClCompile Include="src\asset\material.cpp">
      <Filter>Source Files</Filter>
    </ClCompile>
    <ClCompile Include="src\asset\img\rendertexture.cpp">
      <Filter>Source Files</Filter>
    </ClCompile>
    <ClCompile Include="src\asset\img\texture.cpp">
      <Filter>Source Files</Filter>
    </ClCompile>
    <ClCompile Include="src\asset\animclip.cpp">
      <Filter>Source Files</Filter>
    </ClCompile>
    <ClCompile Include="src\asset\assetmanager.cpp">
      <Filter>Source Files</Filter>
    </ClCompile>
    <ClCompile Include="src\asset\assetobject.cpp">
      <Filter>Source Files</Filter>
    </ClCompile>
    <ClCompile Include="src\asset\audioclip.cpp">
      <Filter>Source Files</Filter>
    </ClCompile>
    <ClCompile Include="src\asset\cameffect.cpp">
      <Filter>Source Files</Filter>
    </ClCompile>
    <ClCompile Include="src\asset\cubemap.cpp">
      <Filter>Source Files</Filter>
    </ClCompile>
    <ClCompile Include="src\asset\mesh.cpp">
      <Filter>Source Files</Filter>
    </ClCompile>
    <ClCompile Include="src\asset\resources.cpp">
      <Filter>Source Files</Filter>
    </ClCompile>
  </ItemGroup>
  <ItemGroup>
    <ClInclude Include="src\SceneScriptResolver.h">
      <Filter>Header Files</Filter>
    </ClInclude>
    <ClInclude Include="src\Defines.h">
      <Filter>Header Files</Filter>
    </ClInclude>
    <ClInclude Include="src\Editor.h">
      <Filter>Header Files</Filter>
    </ClInclude>
    <ClInclude Include="src\Engine.h">
      <Filter>Header Files</Filter>
    </ClInclude>
    <ClInclude Include="src\SceneObjects.h">
      <Filter>Header Files</Filter>
    </ClInclude>
    <ClInclude Include="src\AssetObjects.h">
      <Filter>Header Files</Filter>
    </ClInclude>
    <ClInclude Include="src\ChokoLait.h">
      <Filter>Header Files</Filter>
    </ClInclude>
    <ClInclude Include="src\AudioEngine.h">
      <Filter>Header Files</Filter>
    </ClInclude>
    <ClInclude Include="hdr\hdr.h">
      <Filter>Header Files</Filter>
    </ClInclude>
    <ClInclude Include="png\lodepng.h">
      <Filter>Header Files</Filter>
    </ClInclude>
    <ClInclude Include="src\core\mvp.h">
      <Filter>Header Files</Filter>
    </ClInclude>
    <ClInclude Include="src\core\ui.h">
      <Filter>Header Files</Filter>
    </ClInclude>
    <ClInclude Include="src\utils\fft.h">
      <Filter>Header Files</Filter>
    </ClInclude>
    <ClInclude Include="src\core\audio.h">
      <Filter>Header Files</Filter>
    </ClInclude>
    <ClInclude Include="src\utils\compute.h">
      <Filter>Header Files</Filter>
    </ClInclude>
    <ClInclude Include="src\core\display.h">
      <Filter>Header Files</Filter>
    </ClInclude>
    <ClInclude Include="src\core\input.h">
      <Filter>Header Files</Filter>
    </ClInclude>
    <ClInclude Include="src\core\font.h">
      <Filter>Header Files</Filter>
    </ClInclude>
    <ClInclude Include="src\core\debug.h">
      <Filter>Header Files</Filter>
    </ClInclude>
    <ClInclude Include="src\core\time.h">
      <Filter>Header Files</Filter>
    </ClInclude>
    <ClInclude Include="src\utils\stream.h">
      <Filter>Header Files</Filter>
    </ClInclude>
    <ClInclude Include="src\core\io.h">
      <Filter>Header Files</Filter>
    </ClInclude>
    <ClInclude Include="src\scene\object.h">
      <Filter>Header Files</Filter>
    </ClInclude>
    <ClInclude Include="src\utils\random.h">
      <Filter>Header Files</Filter>
    </ClInclude>
    <ClInclude Include="src\utils\precedurals.h">
      <Filter>Header Files</Filter>
    </ClInclude>
    <ClInclude Include="src\utils\color.h">
      <Filter>Header Files</Filter>
    </ClInclude>
    <ClInclude Include="src\utils\rect.h">
      <Filter>Header Files</Filter>
    </ClInclude>
    <ClInclude Include="src\utils\ptrext.h">
      <Filter>Header Files</Filter>
    </ClInclude>
    <ClInclude Include="src\utils\strext.h">
      <Filter>Header Files</Filter>
    </ClInclude>
    <ClInclude Include="src\core\bbox.h">
      <Filter>Header Files</Filter>
    </ClInclude>
    <ClInclude Include="src\utils\serial.h">
      <Filter>Header Files</Filter>
    </ClInclude>
    <ClInclude Include="src\asset\assetmanager.h">
      <Filter>Header Files</Filter>
    </ClInclude>
    <ClInclude Include="src\asset\resources.h">
      <Filter>Header Files</Filter>
    </ClInclude>
    <ClInclude Include="src\asset\shader.h">
      <Filter>Header Files</Filter>
    </ClInclude>
    <ClInclude Include="src\asset\material.h">
      <Filter>Header Files</Filter>
    </ClInclude>
    <ClInclude Include="src\asset\mesh.h">
      <Filter>Header Files</Filter>
    </ClInclude>
    <ClInclude Include="src\asset\assetobject.h">
      <Filter>Header Files</Filter>
    </ClInclude>
    <ClInclude Include="src\asset\animclip.h">
      <Filter>Header Files</Filter>
    </ClInclude>
    <ClInclude Include="src\asset\animation.h">
      <Filter>Header Files</Filter>
    </ClInclude>
    <ClInclude Include="src\asset\cubemap.h">
      <Filter>Header Files</Filter>
    </ClInclude>
    <ClInclude Include="src\asset\img\background.h">
      <Filter>Header Files</Filter>
    </ClInclude>
    <ClInclude Include="src\asset\img\rendertexture.h">
      <Filter>Header Files</Filter>
    </ClInclude>
    <ClInclude Include="src\asset\img\texture.h">
      <Filter>Header Files</Filter>
    </ClInclude>
    <ClInclude Include="src\asset\img\texture3d.h">
      <Filter>Header Files</Filter>
    </ClInclude>
    <ClInclude Include="src\asset\img\videotexture.h">
      <Filter>Header Files</Filter>
    </ClInclude>
    <ClInclude Include="src\asset\audioclip.h">
      <Filter>Header Files</Filter>
    </ClInclude>
    <ClInclude Include="src\asset\cameffect.h">
      <Filter>Header Files</Filter>
    </ClInclude>
    <ClInclude Include="src\scene\comp\audiolistener.h">
      <Filter>Header Files</Filter>
    </ClInclude>
    <ClInclude Include="src\scene\comp\audiosource.h">
      <Filter>Header Files</Filter>
    </ClInclude>
    <ClInclude Include="src\scene\comp\camera.h">
      <Filter>Header Files</Filter>
    </ClInclude>
    <ClInclude Include="src\scene\comp\component.h">
      <Filter>Header Files</Filter>
    </ClInclude>
    <ClInclude Include="src\scene\comp\ik.h">
      <Filter>Header Files</Filter>
    </ClInclude>
    <ClInclude Include="src\scene\comp\light.h">
      <Filter>Header Files</Filter>
    </ClInclude>
    <ClInclude Include="src\scene\comp\meshfilter.h">
      <Filter>Header Files</Filter>
    </ClInclude>
    <ClInclude Include="src\scene\comp\meshrenderer.h">
      <Filter>Header Files</Filter>
    </ClInclude>
    <ClInclude Include="src\scene\comp\particlesystem.h">
      <Filter>Header Files</Filter>
    </ClInclude>
    <ClInclude Include="src\scene\comp\reflprobe.h">
      <Filter>Header Files</Filter>
    </ClInclude>
    <ClInclude Include="src\scene\comp\reflquad.h">
      <Filter>Header Files</Filter>
    </ClInclude>
    <ClInclude Include="src\scene\comp\texturerenderer.h">
      <Filter>Header Files</Filter>
    </ClInclude>
    <ClInclude Include="src\scene\comp\voxelrenderer.h">
      <Filter>Header Files</Filter>
    </ClInclude>
    <ClInclude Include="src\scene\transform.h">
      <Filter>Header Files</Filter>
    </ClInclude>
    <ClInclude Include="src\scene\scene.h">
      <Filter>Header Files</Filter>
    </ClInclude>
    <ClInclude Include="src\scene\comp\animator.h">
      <Filter>Header Files</Filter>
    </ClInclude>
    <ClInclude Include="src\scene\comp\armature.h">
      <Filter>Header Files</Filter>
    </ClInclude>
    <ClInclude Include="src\scene\comp\arrayrenderer.h">
      <Filter>Header Files</Filter>
    </ClInclude>
    <ClInclude Include="src\scene\comp\scenescript.h">
      <Filter>Header Files</Filter>
    </ClInclude>
    <ClInclude Include="src\scene\comp\skinnedmeshrenderer.h">
      <Filter>Header Files</Filter>
    </ClInclude>
    <ClInclude Include="src\scene\sceneobject.h">
      <Filter>Header Files</Filter>
    </ClInclude>
    <ClInclude Include="src\utils\net.h">
      <Filter>Header Files</Filter>
    </ClInclude>
    <ClInclude Include="src\utils\xml.h">
      <Filter>Header Files</Filter>
    </ClInclude>
  </ItemGroup>
</Project>